
Microsoft Visual Studio Solution File, Format Version 12.00
# Visual Studio Version 17
VisualStudioVersion = 17.8.34330.188
MinimumVisualStudioVersion = 10.0.40219.1
Project("{FAE04EC0-301F-11D3-BF4B-00C04F79EFBC}") = "IzoleEnerjiAPI", "IzoleEnerjiAPI\IzoleEnerjiAPI.csproj", "{44E622F1-1B9E-4B5D-928C-2206AC805FA5}"
EndProject
Project("{FAE04EC0-301F-11D3-BF4B-00C04F79EFBC}") = "Business", "Business\Business.csproj", "{18FDEEE6-6184-4538-994B-327A7ECF695A}"
EndProject
Project("{FAE04EC0-301F-11D3-BF4B-00C04F79EFBC}") = "Core", "Core\Core.csproj", "{B43035D6-85AB-44C3-8FD4-60FB1E206DE5}"
EndProject
Project("{FAE04EC0-301F-11D3-BF4B-00C04F79EFBC}") = "DataAccess", "DataAccess\DataAccess.csproj", "{7CF5D77C-4E55-4FCF-81B2-C2BF940F1B52}"
EndProject
Project("{FAE04EC0-301F-11D3-BF4B-00C04F79EFBC}") = "Entities", "Entities\Entities.csproj", "{867AF6F8-178F-4098-89B7-E63A20F4D5A7}"
EndProject
Global
	GlobalSection(SolutionConfigurationPlatforms) = preSolution
		Debug|Any CPU = Debug|Any CPU
		Release|Any CPU = Release|Any CPU
	EndGlobalSection
	GlobalSection(ProjectConfigurationPlatforms) = postSolution
		{44E622F1-1B9E-4B5D-928C-2206AC805FA5}.Debug|Any CPU.ActiveCfg = Debug|Any CPU
		{44E622F1-1B9E-4B5D-928C-2206AC805FA5}.Debug|Any CPU.Build.0 = Debug|Any CPU
		{44E622F1-1B9E-4B5D-928C-2206AC805FA5}.Release|Any CPU.ActiveCfg = Release|Any CPU
		{44E622F1-1B9E-4B5D-928C-2206AC805FA5}.Release|Any CPU.Build.0 = Release|Any CPU
		{18FDEEE6-6184-4538-994B-327A7ECF695A}.Debug|Any CPU.ActiveCfg = Debug|Any CPU
		{18FDEEE6-6184-4538-994B-327A7ECF695A}.Debug|Any CPU.Build.0 = Debug|Any CPU
		{18FDEEE6-6184-4538-994B-327A7ECF695A}.Release|Any CPU.ActiveCfg = Release|Any CPU
		{18FDEEE6-6184-4538-994B-327A7ECF695A}.Release|Any CPU.Build.0 = Release|Any CPU
		{B43035D6-85AB-44C3-8FD4-60FB1E206DE5}.Debug|Any CPU.ActiveCfg = Debug|Any CPU
		{B43035D6-85AB-44C3-8FD4-60FB1E206DE5}.Debug|Any CPU.Build.0 = Debug|Any CPU
		{B43035D6-85AB-44C3-8FD4-60FB1E206DE5}.Release|Any CPU.ActiveCfg = Release|Any CPU
		{B43035D6-85AB-44C3-8FD4-60FB1E206DE5}.Release|Any CPU.Build.0 = Release|Any CPU
		{7CF5D77C-4E55-4FCF-81B2-C2BF940F1B52}.Debug|Any CPU.ActiveCfg = Debug|Any CPU
		{7CF5D77C-4E55-4FCF-81B2-C2BF940F1B52}.Debug|Any CPU.Build.0 = Debug|Any CPU
		{7CF5D77C-4E55-4FCF-81B2-C2BF940F1B52}.Release|Any CPU.ActiveCfg = Release|Any CPU
		{7CF5D77C-4E55-4FCF-81B2-C2BF940F1B52}.Release|Any CPU.Build.0 = Release|Any CPU
		{867AF6F8-178F-4098-89B7-E63A20F4D5A7}.Debug|Any CPU.ActiveCfg = Debug|Any CPU
		{867AF6F8-178F-4098-89B7-E63A20F4D5A7}.Debug|Any CPU.Build.0 = Debug|Any CPU
		{867AF6F8-178F-4098-89B7-E63A20F4D5A7}.Release|Any CPU.ActiveCfg = Release|Any CPU
		{867AF6F8-178F-4098-89B7-E63A20F4D5A7}.Release|Any CPU.Build.0 = Release|Any CPU
	EndGlobalSection
	GlobalSection(SolutionProperties) = preSolution
		HideSolutionNode = FALSE
	EndGlobalSection
	GlobalSection(ExtensibilityGlobals) = postSolution
		SolutionGuid = {F3AE11E4-4001-4C10-AFB8-5CA4624990B0}
	EndGlobalSection
EndGlobal
